
Microsoft Visual Studio Solution File, Format Version 12.00
# Visual Studio Version 17
VisualStudioVersion = 17.5.33530.505
MinimumVisualStudioVersion = 10.0.40219.1
Project("{FAE04EC0-301F-11D3-BF4B-00C04F79EFBC}") = "ToDoApi", "ToDoApi.csproj", "{9E4DB0CD-1374-479B-92F7-E162A4A515B8}"
EndProject
Project("{FAE04EC0-301F-11D3-BF4B-00C04F79EFBC}") = "Common", "..\Common\Common.csproj", "{DD442FF2-7F26-4F03-BD28-69A19844A07E}"
EndProject
Project("{FAE04EC0-301F-11D3-BF4B-00C04F79EFBC}") = "Entities", "..\Entities\Entities.csproj", "{18341F54-1951-465D-850B-E76A0A0E0F87}"
EndProject
Project("{FAE04EC0-301F-11D3-BF4B-00C04F79EFBC}") = "Data", "..\Data\Data.csproj", "{894EC4C5-8548-46B2-A8C2-A678FFE1A658}"
EndProject
Project("{FAE04EC0-301F-11D3-BF4B-00C04F79EFBC}") = "Services", "..\Services\Services.csproj", "{14B13E54-D6B5-4C9B-8656-CCA28894A9FC}"
EndProject
Project("{FAE04EC0-301F-11D3-BF4B-00C04F79EFBC}") = "WebFramework", "..\WebFramework\WebFramework.csproj", "{4FCAE73D-AFAE-4508-A59C-8F16DDEDB801}"
EndProject
Global
	GlobalSection(SolutionConfigurationPlatforms) = preSolution
		Debug|Any CPU = Debug|Any CPU
		Release|Any CPU = Release|Any CPU
	EndGlobalSection
	GlobalSection(ProjectConfigurationPlatforms) = postSolution
		{9E4DB0CD-1374-479B-92F7-E162A4A515B8}.Debug|Any CPU.ActiveCfg = Debug|Any CPU
		{9E4DB0CD-1374-479B-92F7-E162A4A515B8}.Debug|Any CPU.Build.0 = Debug|Any CPU
		{9E4DB0CD-1374-479B-92F7-E162A4A515B8}.Release|Any CPU.ActiveCfg = Release|Any CPU
		{9E4DB0CD-1374-479B-92F7-E162A4A515B8}.Release|Any CPU.Build.0 = Release|Any CPU
		{DD442FF2-7F26-4F03-BD28-69A19844A07E}.Debug|Any CPU.ActiveCfg = Debug|Any CPU
		{DD442FF2-7F26-4F03-BD28-69A19844A07E}.Debug|Any CPU.Build.0 = Debug|Any CPU
		{DD442FF2-7F26-4F03-BD28-69A19844A07E}.Release|Any CPU.ActiveCfg = Release|Any CPU
		{DD442FF2-7F26-4F03-BD28-69A19844A07E}.Release|Any CPU.Build.0 = Release|Any CPU
		{18341F54-1951-465D-850B-E76A0A0E0F87}.Debug|Any CPU.ActiveCfg = Debug|Any CPU
		{18341F54-1951-465D-850B-E76A0A0E0F87}.Debug|Any CPU.Build.0 = Debug|Any CPU
		{18341F54-1951-465D-850B-E76A0A0E0F87}.Release|Any CPU.ActiveCfg = Release|Any CPU
		{18341F54-1951-465D-850B-E76A0A0E0F87}.Release|Any CPU.Build.0 = Release|Any CPU
		{894EC4C5-8548-46B2-A8C2-A678FFE1A658}.Debug|Any CPU.ActiveCfg = Debug|Any CPU
		{894EC4C5-8548-46B2-A8C2-A678FFE1A658}.Debug|Any CPU.Build.0 = Debug|Any CPU
		{894EC4C5-8548-46B2-A8C2-A678FFE1A658}.Release|Any CPU.ActiveCfg = Release|Any CPU
		{894EC4C5-8548-46B2-A8C2-A678FFE1A658}.Release|Any CPU.Build.0 = Release|Any CPU
		{14B13E54-D6B5-4C9B-8656-CCA28894A9FC}.Debug|Any CPU.ActiveCfg = Debug|Any CPU
		{14B13E54-D6B5-4C9B-8656-CCA28894A9FC}.Debug|Any CPU.Build.0 = Debug|Any CPU
		{14B13E54-D6B5-4C9B-8656-CCA28894A9FC}.Release|Any CPU.ActiveCfg = Release|Any CPU
		{14B13E54-D6B5-4C9B-8656-CCA28894A9FC}.Release|Any CPU.Build.0 = Release|Any CPU
		{4FCAE73D-AFAE-4508-A59C-8F16DDEDB801}.Debug|Any CPU.ActiveCfg = Debug|Any CPU
		{4FCAE73D-AFAE-4508-A59C-8F16DDEDB801}.Debug|Any CPU.Build.0 = Debug|Any CPU
		{4FCAE73D-AFAE-4508-A59C-8F16DDEDB801}.Release|Any CPU.ActiveCfg = Release|Any CPU
		{4FCAE73D-AFAE-4508-A59C-8F16DDEDB801}.Release|Any CPU.Build.0 = Release|Any CPU
	EndGlobalSection
	GlobalSection(SolutionProperties) = preSolution
		HideSolutionNode = FALSE
	EndGlobalSection
	GlobalSection(ExtensibilityGlobals) = postSolution
		SolutionGuid = {ED4493B9-6917-4646-8784-BA11F055C80B}
	EndGlobalSection
EndGlobal
